
Microsoft Visual Studio Solution File, Format Version 12.00
# Visual Studio Version 17
VisualStudioVersion = 17.12.35506.116
MinimumVisualStudioVersion = 10.0.40219.1
Project("{9A19103F-16F7-4668-BE54-9A1E7A4F7556}") = "SerdesNet", "src\SerdesNet\SerdesNet.csproj", "{170417F9-D38E-436E-AC85-102B373A2C3E}"
EndProject
Project("{9A19103F-16F7-4668-BE54-9A1E7A4F7556}") = "SerdesNet.Tests", "src\SerdesNet.Tests\SerdesNet.Tests.csproj", "{B420255D-2B27-4F5B-A1A3-0DC9607CF97B}"
EndProject
Project("{2150E333-8FDC-42A3-9474-1A3956D46DE8}") = "Solution Items", "Solution Items", "{298AADEE-4E54-4F47-B7B4-71042FC6CCB6}"
	ProjectSection(SolutionItems) = preProject
		README.md = README.md
		.github\workflows\ci.yml = .github\workflows\ci.yml
		.github\workflows\release.yml = .github\workflows\release.yml
	EndProjectSection
EndProject
Global
	GlobalSection(SolutionConfigurationPlatforms) = preSolution
		Debug|Any CPU = Debug|Any CPU
		Release|Any CPU = Release|Any CPU
	EndGlobalSection
	GlobalSection(ProjectConfigurationPlatforms) = postSolution
		{170417F9-D38E-436E-AC85-102B373A2C3E}.Debug|Any CPU.ActiveCfg = Debug|Any CPU
		{170417F9-D38E-436E-AC85-102B373A2C3E}.Debug|Any CPU.Build.0 = Debug|Any CPU
		{170417F9-D38E-436E-AC85-102B373A2C3E}.Release|Any CPU.ActiveCfg = Release|Any CPU
		{170417F9-D38E-436E-AC85-102B373A2C3E}.Release|Any CPU.Build.0 = Release|Any CPU
		{B420255D-2B27-4F5B-A1A3-0DC9607CF97B}.Debug|Any CPU.ActiveCfg = Debug|Any CPU
		{B420255D-2B27-4F5B-A1A3-0DC9607CF97B}.Debug|Any CPU.Build.0 = Debug|Any CPU
		{B420255D-2B27-4F5B-A1A3-0DC9607CF97B}.Release|Any CPU.ActiveCfg = Release|Any CPU
		{B420255D-2B27-4F5B-A1A3-0DC9607CF97B}.Release|Any CPU.Build.0 = Release|Any CPU
	EndGlobalSection
	GlobalSection(SolutionProperties) = preSolution
		HideSolutionNode = FALSE
	EndGlobalSection
	GlobalSection(ExtensibilityGlobals) = postSolution
		SolutionGuid = {7D018F6B-D9F1-45A4-B3FE-9209D3CA0A82}
	EndGlobalSection
EndGlobal
